{
    "version": 3,
    "terraform_version": "0.11.11",
    "serial": 5,
    "lineage": "92366ec8-c4b3-ef58-50c9-074db7d2f10c",
    "modules": [
        {
            "path": [
                "root"
            ],
            "outputs": {
                "alb_output": {
                    "sensitive": false,
                    "type": "string",
                    "value": "demo-ap-alb-984020917.ap-southeast-2.elb.amazonaws.com"
                }
            },
            "resources": {
                "aws_alb.demo_ap_alb": {
                    "type": "aws_alb",
                    "depends_on": [
                        "aws_security_group.lb_sg",
                        "aws_subnet.demo-public-1",
                        "aws_subnet.demo-public-2",
                        "aws_subnet.demo-public-3"
                    ],
                    "primary": {
                        "id": "arn:aws:elasticloadbalancing:ap-southeast-2:224625702287:loadbalancer/app/demo-ap-alb/8369395d2b84af5c",
                        "attributes": {
                            "access_logs.#": "1",
                            "access_logs.0.bucket": "",
                            "access_logs.0.enabled": "false",
                            "access_logs.0.prefix": "",
                            "arn": "arn:aws:elasticloadbalancing:ap-southeast-2:224625702287:loadbalancer/app/demo-ap-alb/8369395d2b84af5c",
                            "arn_suffix": "app/demo-ap-alb/8369395d2b84af5c",
                            "dns_name": "demo-ap-alb-984020917.ap-southeast-2.elb.amazonaws.com",
                            "enable_deletion_protection": "false",
                            "enable_http2": "true",
                            "id": "arn:aws:elasticloadbalancing:ap-southeast-2:224625702287:loadbalancer/app/demo-ap-alb/8369395d2b84af5c",
                            "idle_timeout": "600",
                            "internal": "false",
                            "ip_address_type": "ipv4",
                            "load_balancer_type": "application",
                            "name": "demo-ap-alb",
                            "security_groups.#": "1",
                            "security_groups.2995705000": "sg-0ab57976286ea60e0",
                            "subnet_mapping.#": "3",
                            "subnet_mapping.1424887667.allocation_id": "",
                            "subnet_mapping.1424887667.subnet_id": "subnet-0d3e6593f96422dec",
                            "subnet_mapping.2711958590.allocation_id": "",
                            "subnet_mapping.2711958590.subnet_id": "subnet-0fb6addfd7a79442c",
                            "subnet_mapping.954392760.allocation_id": "",
                            "subnet_mapping.954392760.subnet_id": "subnet-07c0ecbfa61c465ba",
                            "subnets.#": "3",
                            "subnets.1060252413": "subnet-0d3e6593f96422dec",
                            "subnets.2077044906": "subnet-0fb6addfd7a79442c",
                            "subnets.893914281": "subnet-07c0ecbfa61c465ba",
                            "tags.%": "0",
                            "vpc_id": "vpc-0ad0ada8cec49e83f",
                            "zone_id": "Z1GM3OXH4ZPM65"
                        },
                        "meta": {
                            "e2bfb730-ecaa-11e6-8f88-34363bc7c4c0": {
                                "create": 600000000000,
                                "delete": 600000000000,
                                "update": 600000000000
                            }
                        },
                        "tainted": false
                    },
                    "deposed": [],
                    "provider": "provider.aws"
                },
                "aws_alb_listener.front_end": {
                    "type": "aws_alb_listener",
                    "depends_on": [
                        "aws_alb.demo_ap_alb",
                        "aws_alb_target_group.nginx"
                    ],
                    "primary": {
                        "id": "arn:aws:elasticloadbalancing:ap-southeast-2:224625702287:listener/app/demo-ap-alb/8369395d2b84af5c/8129be401522662d",
                        "attributes": {
                            "arn": "arn:aws:elasticloadbalancing:ap-southeast-2:224625702287:listener/app/demo-ap-alb/8369395d2b84af5c/8129be401522662d",
                            "default_action.#": "1",
                            "default_action.0.authenticate_cognito.#": "0",
                            "default_action.0.authenticate_oidc.#": "0",
                            "default_action.0.fixed_response.#": "0",
                            "default_action.0.order": "1",
                            "default_action.0.redirect.#": "0",
                            "default_action.0.target_group_arn": "arn:aws:elasticloadbalancing:ap-southeast-2:224625702287:targetgroup/nginx/7261c5e5aacfdb0c",
                            "default_action.0.type": "forward",
                            "id": "arn:aws:elasticloadbalancing:ap-southeast-2:224625702287:listener/app/demo-ap-alb/8369395d2b84af5c/8129be401522662d",
                            "load_balancer_arn": "arn:aws:elasticloadbalancing:ap-southeast-2:224625702287:loadbalancer/app/demo-ap-alb/8369395d2b84af5c",
                            "port": "80",
                            "protocol": "HTTP",
                            "ssl_policy": ""
                        },
                        "meta": {
                            "e2bfb730-ecaa-11e6-8f88-34363bc7c4c0": {
                                "read": 600000000000
                            }
                        },
                        "tainted": false
                    },
                    "deposed": [],
                    "provider": "provider.aws"
                },
                "aws_alb_target_group.nginx": {
                    "type": "aws_alb_target_group",
                    "depends_on": [
                        "aws_alb.demo_ap_alb",
                        "aws_vpc.demo-tf"
                    ],
                    "primary": {
                        "id": "arn:aws:elasticloadbalancing:ap-southeast-2:224625702287:targetgroup/nginx/7261c5e5aacfdb0c",
                        "attributes": {
                            "arn": "arn:aws:elasticloadbalancing:ap-southeast-2:224625702287:targetgroup/nginx/7261c5e5aacfdb0c",
                            "arn_suffix": "targetgroup/nginx/7261c5e5aacfdb0c",
                            "deregistration_delay": "300",
                            "health_check.#": "1",
                            "health_check.0.enabled": "true",
                            "health_check.0.healthy_threshold": "2",
                            "health_check.0.interval": "300",
                            "health_check.0.matcher": "200,301,302",
                            "health_check.0.path": "/",
                            "health_check.0.port": "traffic-port",
                            "health_check.0.protocol": "HTTP",
                            "health_check.0.timeout": "60",
                            "health_check.0.unhealthy_threshold": "10",
                            "id": "arn:aws:elasticloadbalancing:ap-southeast-2:224625702287:targetgroup/nginx/7261c5e5aacfdb0c",
                            "lambda_multi_value_headers_enabled": "false",
                            "name": "nginx",
                            "port": "80",
                            "protocol": "HTTP",
                            "proxy_protocol_v2": "false",
                            "slow_start": "0",
                            "stickiness.#": "1",
                            "stickiness.0.cookie_duration": "86400",
                            "stickiness.0.enabled": "true",
                            "stickiness.0.type": "lb_cookie",
                            "tags.%": "0",
                            "target_type": "instance",
                            "vpc_id": "vpc-0ad0ada8cec49e83f"
                        },
                        "meta": {},
                        "tainted": false
                    },
                    "deposed": [],
                    "provider": "provider.aws"
                },
                "aws_autoscaling_group.demo-cluster": {
                    "type": "aws_autoscaling_group",
                    "depends_on": [
                        "aws_launch_configuration.demo-cluster-lc",
                        "aws_subnet.demo-public-1",
                        "aws_subnet.demo-public-2",
                        "aws_subnet.demo-public-3"
                    ],
                    "primary": {
                        "id": "demo-cluster",
                        "attributes": {
                            "arn": "arn:aws:autoscaling:ap-southeast-2:224625702287:autoScalingGroup:cc873821-33c9-412e-8b1f-2413e6de678f:autoScalingGroupName/demo-cluster",
                            "availability_zones.#": "3",
                            "availability_zones.1436938394": "ap-southeast-2c",
                            "availability_zones.3148583350": "ap-southeast-2a",
                            "availability_zones.581091340": "ap-southeast-2b",
                            "default_cooldown": "30",
                            "desired_capacity": "2",
                            "enabled_metrics.#": "0",
                            "force_delete": "false",
                            "health_check_grace_period": "120",
                            "health_check_type": "EC2",
                            "id": "demo-cluster",
                            "launch_configuration": "demo-cluster-lc20191218115752419400000002",
                            "launch_template.#": "0",
                            "load_balancers.#": "0",
                            "max_instance_lifetime": "0",
                            "max_size": "10",
                            "metrics_granularity": "1Minute",
                            "min_size": "2",
                            "mixed_instances_policy.#": "0",
                            "name": "demo-cluster",
                            "placement_group": "",
                            "protect_from_scale_in": "false",
                            "service_linked_role_arn": "arn:aws:iam::224625702287:role/aws-service-role/autoscaling.amazonaws.com/AWSServiceRoleForAutoScaling",
                            "suspended_processes.#": "0",
                            "tag.#": "1",
                            "tag.520958961.key": "Name",
                            "tag.520958961.propagate_at_launch": "true",
                            "tag.520958961.value": "ECS-demo",
                            "target_group_arns.#": "0",
                            "termination_policies.#": "1",
                            "termination_policies.0": "OldestInstance",
                            "vpc_zone_identifier.#": "3",
                            "vpc_zone_identifier.1060252413": "subnet-0d3e6593f96422dec",
                            "vpc_zone_identifier.2077044906": "subnet-0fb6addfd7a79442c",
                            "vpc_zone_identifier.893914281": "subnet-07c0ecbfa61c465ba",
                            "wait_for_capacity_timeout": "10m"
                        },
                        "meta": {
                            "e2bfb730-ecaa-11e6-8f88-34363bc7c4c0": {
                                "delete": 600000000000
                            }
                        },
                        "tainted": false
                    },
                    "deposed": [],
                    "provider": "provider.aws"
                },
                "aws_autoscaling_policy.demo-cluster": {
                    "type": "aws_autoscaling_policy",
                    "depends_on": [
                        "aws_autoscaling_group.demo-cluster"
                    ],
                    "primary": {
                        "id": "demo-ecs-auto-scaling",
                        "attributes": {
                            "adjustment_type": "",
                            "arn": "arn:aws:autoscaling:ap-southeast-2:224625702287:scalingPolicy:07c65995-ab25-4af1-9d90-6fc7892f13ad:autoScalingGroupName/demo-cluster:policyName/demo-ecs-auto-scaling",
                            "autoscaling_group_name": "demo-cluster",
                            "cooldown": "0",
                            "estimated_instance_warmup": "90",
                            "id": "demo-ecs-auto-scaling",
                            "metric_aggregation_type": "",
                            "name": "demo-ecs-auto-scaling",
                            "policy_type": "TargetTrackingScaling",
                            "scaling_adjustment": "0",
                            "step_adjustment.#": "0",
                            "target_tracking_configuration.#": "1",
                            "target_tracking_configuration.0.customized_metric_specification.#": "0",
                            "target_tracking_configuration.0.disable_scale_in": "false",
                            "target_tracking_configuration.0.predefined_metric_specification.#": "1",
                            "target_tracking_configuration.0.predefined_metric_specification.0.predefined_metric_type": "ASGAverageCPUUtilization",
                            "target_tracking_configuration.0.predefined_metric_specification.0.resource_label": "",
                            "target_tracking_configuration.0.target_value": "40"
                        },
                        "meta": {},
                        "tainted": false
                    },
                    "deposed": [],
                    "provider": "provider.aws"
                },
                "aws_cloudwatch_log_group.nginx": {
                    "type": "aws_cloudwatch_log_group",
                    "depends_on": [],
                    "primary": {
                        "id": "/ecs-demo/nginx",
                        "attributes": {
                            "arn": "arn:aws:logs:ap-southeast-2:224625702287:log-group:/ecs-demo/nginx:*",
                            "id": "/ecs-demo/nginx",
                            "kms_key_id": "",
                            "name": "/ecs-demo/nginx",
                            "retention_in_days": "0",
                            "tags.%": "0"
                        },
                        "meta": {},
                        "tainted": false
                    },
                    "deposed": [],
                    "provider": "provider.aws"
                },
                "aws_ecs_cluster.demo": {
                    "type": "aws_ecs_cluster",
                    "depends_on": [],
                    "primary": {
                        "id": "arn:aws:ecs:ap-southeast-2:224625702287:cluster/demo",
                        "attributes": {
                            "arn": "arn:aws:ecs:ap-southeast-2:224625702287:cluster/demo",
                            "capacity_providers.#": "0",
                            "default_capacity_provider_strategy.#": "0",
                            "id": "arn:aws:ecs:ap-southeast-2:224625702287:cluster/demo",
                            "name": "demo",
                            "setting.#": "1",
                            "setting.1157067080.name": "containerInsights",
                            "setting.1157067080.value": "disabled",
                            "tags.%": "0"
                        },
                        "meta": {},
                        "tainted": false
                    },
                    "deposed": [],
                    "provider": "provider.aws"
                },
                "aws_ecs_service.nginx": {
                    "type": "aws_ecs_service",
                    "depends_on": [
                        "aws_alb_target_group.nginx",
                        "aws_ecs_cluster.demo",
                        "aws_ecs_task_definition.nginx",
                        "aws_iam_role.ecs-service-role",
                        "aws_iam_role_policy_attachment.ecs-service-attach"
                    ],
                    "primary": {
                        "id": "arn:aws:ecs:ap-southeast-2:224625702287:service/nginx",
                        "attributes": {
                            "capacity_provider_strategy.#": "0",
                            "cluster": "arn:aws:ecs:ap-southeast-2:224625702287:cluster/demo",
                            "deployment_controller.#": "1",
                            "deployment_controller.0.type": "ECS",
                            "deployment_maximum_percent": "200",
                            "deployment_minimum_healthy_percent": "100",
                            "desired_count": "4",
                            "enable_ecs_managed_tags": "false",
                            "health_check_grace_period_seconds": "0",
                            "iam_role": "arn:aws:iam::224625702287:role/ecs-service-role-test",
                            "id": "arn:aws:ecs:ap-southeast-2:224625702287:service/nginx",
                            "launch_type": "EC2",
                            "load_balancer.#": "1",
                            "load_balancer.3260980648.container_name": "nginx",
                            "load_balancer.3260980648.container_port": "80",
                            "load_balancer.3260980648.elb_name": "",
                            "load_balancer.3260980648.target_group_arn": "arn:aws:elasticloadbalancing:ap-southeast-2:224625702287:targetgroup/nginx/7261c5e5aacfdb0c",
                            "name": "nginx",
                            "network_configuration.#": "0",
                            "ordered_placement_strategy.#": "0",
                            "placement_constraints.#": "0",
                            "placement_strategy.#": "0",
                            "platform_version": "",
                            "propagate_tags": "NONE",
                            "scheduling_strategy": "REPLICA",
                            "service_registries.#": "0",
                            "tags.%": "0",
                            "task_definition": "arn:aws:ecs:ap-southeast-2:224625702287:task-definition/nginx:1"
                        },
                        "meta": {},
                        "tainted": false
                    },
                    "deposed": [],
                    "provider": "provider.aws"
                },
                "aws_ecs_task_definition.nginx": {
                    "type": "aws_ecs_task_definition",
                    "depends_on": [],
                    "primary": {
                        "id": "nginx",
                        "attributes": {
                            "arn": "arn:aws:ecs:ap-southeast-2:224625702287:task-definition/nginx:1",
                            "container_definitions": "[{\"cpu\":256,\"environment\":[],\"essential\":true,\"image\":\"nginx:latest\",\"logConfiguration\":{\"logDriver\":\"awslogs\",\"options\":{\"awslogs-group\":\"/ecs-demo/nginx\",\"awslogs-region\":\"ap-southeast-2\",\"awslogs-stream-prefix\":\"ecs\"}},\"memory\":300,\"mountPoints\":[],\"name\":\"nginx\",\"portMappings\":[{\"containerPort\":80,\"hostPort\":0,\"protocol\":\"tcp\"}],\"volumesFrom\":[]}]",
                            "cpu": "",
                            "execution_role_arn": "",
                            "family": "nginx",
                            "id": "nginx",
                            "memory": "",
                            "network_mode": "",
                            "placement_constraints.#": "0",
                            "proxy_configuration.#": "0",
                            "requires_compatibilities.#": "0",
                            "revision": "1",
                            "tags.%": "0",
                            "task_role_arn": "",
                            "volume.#": "0"
                        },
                        "meta": {
                            "schema_version": "1"
                        },
                        "tainted": false
                    },
                    "deposed": [],
                    "provider": "provider.aws"
                },
                "aws_iam_instance_profile.ecs-ec2-role": {
                    "type": "aws_iam_instance_profile",
                    "depends_on": [
                        "aws_iam_role.ecs-ec2-role"
                    ],
                    "primary": {
                        "id": "ecs-ec2-role-test",
                        "attributes": {
                            "arn": "arn:aws:iam::224625702287:instance-profile/ecs-ec2-role-test",
                            "create_date": "2019-12-18T11:57:50Z",
                            "id": "ecs-ec2-role-test",
                            "name": "ecs-ec2-role-test",
                            "path": "/",
                            "role": "ecs-ec2-role-test",
                            "roles.#": "0",
                            "unique_id": "AIPATITF4GWHSZHCLAX3P"
                        },
                        "meta": {},
                        "tainted": false
                    },
                    "deposed": [],
                    "provider": "provider.aws"
                },
                "aws_iam_role.ecs-ec2-role": {
                    "type": "aws_iam_role",
                    "depends_on": [],
                    "primary": {
                        "id": "ecs-ec2-role-test",
                        "attributes": {
                            "arn": "arn:aws:iam::224625702287:role/ecs-ec2-role-test",
                            "assume_role_policy": "{\"Version\":\"2012-10-17\",\"Statement\":[{\"Sid\":\"\",\"Effect\":\"Allow\",\"Principal\":{\"Service\":\"ec2.amazonaws.com\"},\"Action\":\"sts:AssumeRole\"}]}",
                            "create_date": "2019-12-18T11:57:47Z",
                            "description": "",
                            "force_detach_policies": "false",
                            "id": "ecs-ec2-role-test",
                            "max_session_duration": "3600",
                            "name": "ecs-ec2-role-test",
                            "path": "/",
                            "tags.%": "0",
                            "unique_id": "AROATITF4GWH2ODZ5BYPL"
                        },
                        "meta": {},
                        "tainted": false
                    },
                    "deposed": [],
                    "provider": "provider.aws"
                },
                "aws_iam_role.ecs-service-role": {
                    "type": "aws_iam_role",
                    "depends_on": [],
                    "primary": {
                        "id": "ecs-service-role-test",
                        "attributes": {
                            "arn": "arn:aws:iam::224625702287:role/ecs-service-role-test",
                            "assume_role_policy": "{\"Version\":\"2012-10-17\",\"Statement\":[{\"Sid\":\"\",\"Effect\":\"Allow\",\"Principal\":{\"Service\":\"ecs.amazonaws.com\"},\"Action\":\"sts:AssumeRole\"}]}",
                            "create_date": "2019-12-18T11:57:47Z",
                            "description": "",
                            "force_detach_policies": "false",
                            "id": "ecs-service-role-test",
                            "max_session_duration": "3600",
                            "name": "ecs-service-role-test",
                            "path": "/",
                            "tags.%": "0",
                            "unique_id": "AROATITF4GWHRKOFWHWMG"
                        },
                        "meta": {},
                        "tainted": false
                    },
                    "deposed": [],
                    "provider": "provider.aws"
                },
                "aws_iam_role_policy.ecs-ec2-role-policy": {
                    "type": "aws_iam_role_policy",
                    "depends_on": [
                        "aws_iam_role.ecs-ec2-role"
                    ],
                    "primary": {
                        "id": "ecs-ec2-role-test:ecs-ec2-role-policy-test",
                        "attributes": {
                            "id": "ecs-ec2-role-test:ecs-ec2-role-policy-test",
                            "name": "ecs-ec2-role-policy-test",
                            "policy": "{\n    \"Version\": \"2012-10-17\",\n    \"Statement\": [\n        {\n            \"Effect\": \"Allow\",\n            \"Action\": [\n              \"ecs:CreateCluster\",\n              \"ecs:DeregisterContainerInstance\",\n              \"ecs:DiscoverPollEndpoint\",\n              \"ecs:Poll\",\n              \"ecs:RegisterContainerInstance\",\n              \"ecs:StartTelemetrySession\",\n              \"ecs:Submit*\",\n              \"ecs:StartTask\",\n              \"ecr:GetAuthorizationToken\",\n              \"ecr:BatchCheckLayerAvailability\",\n              \"ecr:GetDownloadUrlForLayer\",\n              \"ecr:BatchGetImage\",\n              \"logs:CreateLogStream\",\n              \"logs:PutLogEvents\"\n            ],\n            \"Resource\": \"*\"\n        },\n        {\n            \"Effect\": \"Allow\",\n            \"Action\": [\n                \"logs:CreateLogGroup\",\n                \"logs:CreateLogStream\",\n                \"logs:PutLogEvents\",\n                \"logs:DescribeLogStreams\"\n            ],\n            \"Resource\": [\n                \"arn:aws:logs:*:*:*\"\n            ]\n        }\n    ]\n}\n",
                            "role": "ecs-ec2-role-test"
                        },
                        "meta": {},
                        "tainted": false
                    },
                    "deposed": [],
                    "provider": "provider.aws"
                },
                "aws_iam_role_policy_attachment.ecs-service-attach": {
                    "type": "aws_iam_role_policy_attachment",
                    "depends_on": [
                        "aws_iam_role.ecs-service-role"
                    ],
                    "primary": {
                        "id": "ecs-service-role-test-20191218115750610000000001",
                        "attributes": {
                            "id": "ecs-service-role-test-20191218115750610000000001",
                            "policy_arn": "arn:aws:iam::aws:policy/service-role/AmazonEC2ContainerServiceRole",
                            "role": "ecs-service-role-test"
                        },
                        "meta": {},
                        "tainted": false
                    },
                    "deposed": [],
                    "provider": "provider.aws"
                },
                "aws_internet_gateway.demo-gw": {
                    "type": "aws_internet_gateway",
                    "depends_on": [
                        "aws_vpc.demo-tf"
                    ],
                    "primary": {
                        "id": "igw-08dd2919897988fba",
                        "attributes": {
                            "id": "igw-08dd2919897988fba",
                            "owner_id": "224625702287",
                            "tags.%": "1",
                            "tags.Name": "demo-IG",
                            "vpc_id": "vpc-0ad0ada8cec49e83f"
                        },
                        "meta": {},
                        "tainted": false
                    },
                    "deposed": [],
                    "provider": "provider.aws"
                },
                "aws_launch_configuration.demo-cluster-lc": {
                    "type": "aws_launch_configuration",
                    "depends_on": [
                        "aws_iam_instance_profile.ecs-ec2-role",
                        "aws_security_group.instance_sg",
                        "data.aws_ami.latest_ecs",
                        "data.template_file.ecs-cluster"
                    ],
                    "primary": {
                        "id": "demo-cluster-lc20191218115752419400000002",
                        "attributes": {
                            "associate_public_ip_address": "true",
                            "ebs_block_device.#": "0",
                            "ebs_optimized": "false",
                            "enable_monitoring": "true",
                            "ephemeral_block_device.#": "0",
                            "iam_instance_profile": "ecs-ec2-role-test",
                            "id": "demo-cluster-lc20191218115752419400000002",
                            "image_id": "ami-00bf6a5319a7d03d4",
                            "instance_type": "t2.large",
                            "key_name": "",
                            "name": "demo-cluster-lc20191218115752419400000002",
                            "name_prefix": "demo-cluster-lc",
                            "root_block_device.#": "0",
                            "security_groups.#": "1",
                            "security_groups.2632332232": "sg-0186357d81f7e156a",
                            "spot_price": "",
                            "user_data": "e9ac16c7a9026cceece6f04b9e8457ea912042e6",
                            "vpc_classic_link_id": "",
                            "vpc_classic_link_security_groups.#": "0"
                        },
                        "meta": {},
                        "tainted": false
                    },
                    "deposed": [],
                    "provider": "provider.aws"
                },
                "aws_route_table.demo-public": {
                    "type": "aws_route_table",
                    "depends_on": [
                        "aws_internet_gateway.demo-gw",
                        "aws_vpc.demo-tf"
                    ],
                    "primary": {
                        "id": "rtb-04866bafbc1c4cb96",
                        "attributes": {
                            "id": "rtb-04866bafbc1c4cb96",
                            "owner_id": "224625702287",
                            "propagating_vgws.#": "0",
                            "route.#": "1",
                            "route.441427494.cidr_block": "0.0.0.0/0",
                            "route.441427494.egress_only_gateway_id": "",
                            "route.441427494.gateway_id": "igw-08dd2919897988fba",
                            "route.441427494.instance_id": "",
                            "route.441427494.ipv6_cidr_block": "",
                            "route.441427494.nat_gateway_id": "",
                            "route.441427494.network_interface_id": "",
                            "route.441427494.transit_gateway_id": "",
                            "route.441427494.vpc_peering_connection_id": "",
                            "tags.%": "1",
                            "tags.Name": "demo-public-1",
                            "vpc_id": "vpc-0ad0ada8cec49e83f"
                        },
                        "meta": {},
                        "tainted": false
                    },
                    "deposed": [],
                    "provider": "provider.aws"
                },
                "aws_route_table_association.demo-public-1-a": {
                    "type": "aws_route_table_association",
                    "depends_on": [
                        "aws_route_table.demo-public",
                        "aws_subnet.demo-public-1"
                    ],
                    "primary": {
                        "id": "rtbassoc-0746dec68cdf53690",
                        "attributes": {
                            "id": "rtbassoc-0746dec68cdf53690",
                            "route_table_id": "rtb-04866bafbc1c4cb96",
                            "subnet_id": "subnet-0fb6addfd7a79442c"
                        },
                        "meta": {},
                        "tainted": false
                    },
                    "deposed": [],
                    "provider": "provider.aws"
                },
                "aws_route_table_association.demo-public-2-a": {
                    "type": "aws_route_table_association",
                    "depends_on": [
                        "aws_route_table.demo-public",
                        "aws_subnet.demo-public-2"
                    ],
                    "primary": {
                        "id": "rtbassoc-0a5d4ecd31d5e1b2a",
                        "attributes": {
                            "id": "rtbassoc-0a5d4ecd31d5e1b2a",
                            "route_table_id": "rtb-04866bafbc1c4cb96",
                            "subnet_id": "subnet-0d3e6593f96422dec"
                        },
                        "meta": {},
                        "tainted": false
                    },
                    "deposed": [],
                    "provider": "provider.aws"
                },
                "aws_route_table_association.demo-public-3-a": {
                    "type": "aws_route_table_association",
                    "depends_on": [
                        "aws_route_table.demo-public",
                        "aws_subnet.demo-public-3"
                    ],
                    "primary": {
                        "id": "rtbassoc-0139e25f14c8eaf8f",
                        "attributes": {
                            "id": "rtbassoc-0139e25f14c8eaf8f",
                            "route_table_id": "rtb-04866bafbc1c4cb96",
                            "subnet_id": "subnet-07c0ecbfa61c465ba"
                        },
                        "meta": {},
                        "tainted": false
                    },
                    "deposed": [],
                    "provider": "provider.aws"
                },
                "aws_security_group.instance_sg": {
                    "type": "aws_security_group",
                    "depends_on": [
                        "aws_security_group.lb_sg",
                        "aws_vpc.demo-tf"
                    ],
                    "primary": {
                        "id": "sg-0186357d81f7e156a",
                        "attributes": {
                            "arn": "arn:aws:ec2:ap-southeast-2:224625702287:security-group/sg-0186357d81f7e156a",
                            "description": "controls direct access to application instances",
                            "egress.#": "1",
                            "egress.482069346.cidr_blocks.#": "1",
                            "egress.482069346.cidr_blocks.0": "0.0.0.0/0",
                            "egress.482069346.description": "",
                            "egress.482069346.from_port": "0",
                            "egress.482069346.ipv6_cidr_blocks.#": "0",
                            "egress.482069346.prefix_list_ids.#": "0",
                            "egress.482069346.protocol": "-1",
                            "egress.482069346.security_groups.#": "0",
                            "egress.482069346.self": "false",
                            "egress.482069346.to_port": "0",
                            "id": "sg-0186357d81f7e156a",
                            "ingress.#": "1",
                            "ingress.3109898111.cidr_blocks.#": "0",
                            "ingress.3109898111.description": "Access from ALB",
                            "ingress.3109898111.from_port": "32768",
                            "ingress.3109898111.ipv6_cidr_blocks.#": "0",
                            "ingress.3109898111.prefix_list_ids.#": "0",
                            "ingress.3109898111.protocol": "tcp",
                            "ingress.3109898111.security_groups.#": "1",
                            "ingress.3109898111.security_groups.2995705000": "sg-0ab57976286ea60e0",
                            "ingress.3109898111.self": "false",
                            "ingress.3109898111.to_port": "65535",
                            "name": "application-instances-sg",
                            "owner_id": "224625702287",
                            "revoke_rules_on_delete": "false",
                            "tags.%": "0",
                            "vpc_id": "vpc-0ad0ada8cec49e83f"
                        },
                        "meta": {
                            "e2bfb730-ecaa-11e6-8f88-34363bc7c4c0": {
                                "create": 600000000000,
                                "delete": 600000000000
                            },
                            "schema_version": "1"
                        },
                        "tainted": false
                    },
                    "deposed": [],
                    "provider": "provider.aws"
                },
                "aws_security_group.lb_sg": {
                    "type": "aws_security_group",
                    "depends_on": [
                        "aws_vpc.demo-tf"
                    ],
                    "primary": {
                        "id": "sg-0ab57976286ea60e0",
                        "attributes": {
                            "arn": "arn:aws:ec2:ap-southeast-2:224625702287:security-group/sg-0ab57976286ea60e0",
                            "description": "controls access to the application ELB",
                            "egress.#": "1",
                            "egress.482069346.cidr_blocks.#": "1",
                            "egress.482069346.cidr_blocks.0": "0.0.0.0/0",
                            "egress.482069346.description": "",
                            "egress.482069346.from_port": "0",
                            "egress.482069346.ipv6_cidr_blocks.#": "0",
                            "egress.482069346.prefix_list_ids.#": "0",
                            "egress.482069346.protocol": "-1",
                            "egress.482069346.security_groups.#": "0",
                            "egress.482069346.self": "false",
                            "egress.482069346.to_port": "0",
                            "id": "sg-0ab57976286ea60e0",
                            "ingress.#": "2",
                            "ingress.2214680975.cidr_blocks.#": "1",
                            "ingress.2214680975.cidr_blocks.0": "0.0.0.0/0",
                            "ingress.2214680975.description": "",
                            "ingress.2214680975.from_port": "80",
                            "ingress.2214680975.ipv6_cidr_blocks.#": "0",
                            "ingress.2214680975.prefix_list_ids.#": "0",
                            "ingress.2214680975.protocol": "tcp",
                            "ingress.2214680975.security_groups.#": "0",
                            "ingress.2214680975.self": "false",
                            "ingress.2214680975.to_port": "80",
                            "ingress.2617001939.cidr_blocks.#": "1",
                            "ingress.2617001939.cidr_blocks.0": "0.0.0.0/0",
                            "ingress.2617001939.description": "",
                            "ingress.2617001939.from_port": "443",
                            "ingress.2617001939.ipv6_cidr_blocks.#": "0",
                            "ingress.2617001939.prefix_list_ids.#": "0",
                            "ingress.2617001939.protocol": "tcp",
                            "ingress.2617001939.security_groups.#": "0",
                            "ingress.2617001939.self": "false",
                            "ingress.2617001939.to_port": "443",
                            "name": "demo-ELB",
                            "owner_id": "224625702287",
                            "revoke_rules_on_delete": "false",
                            "tags.%": "0",
                            "vpc_id": "vpc-0ad0ada8cec49e83f"
                        },
                        "meta": {
                            "e2bfb730-ecaa-11e6-8f88-34363bc7c4c0": {
                                "create": 600000000000,
                                "delete": 600000000000
                            },
                            "schema_version": "1"
                        },
                        "tainted": false
                    },
                    "deposed": [],
                    "provider": "provider.aws"
                },
                "aws_subnet.demo-private-1": {
                    "type": "aws_subnet",
                    "depends_on": [
                        "aws_vpc.demo-tf"
                    ],
                    "primary": {
                        "id": "subnet-0032365f227e99e65",
                        "attributes": {
                            "arn": "arn:aws:ec2:ap-southeast-2:224625702287:subnet/subnet-0032365f227e99e65",
                            "assign_ipv6_address_on_creation": "false",
                            "availability_zone": "ap-southeast-2a",
                            "availability_zone_id": "apse2-az3",
                            "cidr_block": "172.21.40.0/24",
                            "id": "subnet-0032365f227e99e65",
                            "ipv6_cidr_block": "",
                            "ipv6_cidr_block_association_id": "",
                            "map_public_ip_on_launch": "false",
                            "owner_id": "224625702287",
                            "tags.%": "1",
                            "tags.Name": "demo-private-1",
                            "vpc_id": "vpc-0ad0ada8cec49e83f"
                        },
                        "meta": {
                            "e2bfb730-ecaa-11e6-8f88-34363bc7c4c0": {
                                "create": 600000000000,
                                "delete": 1200000000000
                            },
                            "schema_version": "1"
                        },
                        "tainted": false
                    },
                    "deposed": [],
                    "provider": "provider.aws"
                },
                "aws_subnet.demo-private-2": {
                    "type": "aws_subnet",
                    "depends_on": [
                        "aws_vpc.demo-tf"
                    ],
                    "primary": {
                        "id": "subnet-0c48474dde114725b",
                        "attributes": {
                            "arn": "arn:aws:ec2:ap-southeast-2:224625702287:subnet/subnet-0c48474dde114725b",
                            "assign_ipv6_address_on_creation": "false",
                            "availability_zone": "ap-southeast-2b",
                            "availability_zone_id": "apse2-az1",
                            "cidr_block": "172.21.50.0/24",
                            "id": "subnet-0c48474dde114725b",
                            "ipv6_cidr_block": "",
                            "ipv6_cidr_block_association_id": "",
                            "map_public_ip_on_launch": "false",
                            "owner_id": "224625702287",
                            "tags.%": "1",
                            "tags.Name": "demo-private-2",
                            "vpc_id": "vpc-0ad0ada8cec49e83f"
                        },
                        "meta": {
                            "e2bfb730-ecaa-11e6-8f88-34363bc7c4c0": {
                                "create": 600000000000,
                                "delete": 1200000000000
                            },
                            "schema_version": "1"
                        },
                        "tainted": false
                    },
                    "deposed": [],
                    "provider": "provider.aws"
                },
                "aws_subnet.demo-private-3": {
                    "type": "aws_subnet",
                    "depends_on": [
                        "aws_vpc.demo-tf"
                    ],
                    "primary": {
                        "id": "subnet-0ba168b2d5b855223",
                        "attributes": {
                            "arn": "arn:aws:ec2:ap-southeast-2:224625702287:subnet/subnet-0ba168b2d5b855223",
                            "assign_ipv6_address_on_creation": "false",
                            "availability_zone": "ap-southeast-2c",
                            "availability_zone_id": "apse2-az2",
                            "cidr_block": "172.21.60.0/24",
                            "id": "subnet-0ba168b2d5b855223",
                            "ipv6_cidr_block": "",
                            "ipv6_cidr_block_association_id": "",
                            "map_public_ip_on_launch": "false",
                            "owner_id": "224625702287",
                            "tags.%": "1",
                            "tags.Name": "demo-private-3",
                            "vpc_id": "vpc-0ad0ada8cec49e83f"
                        },
                        "meta": {
                            "e2bfb730-ecaa-11e6-8f88-34363bc7c4c0": {
                                "create": 600000000000,
                                "delete": 1200000000000
                            },
                            "schema_version": "1"
                        },
                        "tainted": false
                    },
                    "deposed": [],
                    "provider": "provider.aws"
                },
                "aws_subnet.demo-public-1": {
                    "type": "aws_subnet",
                    "depends_on": [
                        "aws_vpc.demo-tf"
                    ],
                    "primary": {
                        "id": "subnet-0fb6addfd7a79442c",
                        "attributes": {
                            "arn": "arn:aws:ec2:ap-southeast-2:224625702287:subnet/subnet-0fb6addfd7a79442c",
                            "assign_ipv6_address_on_creation": "false",
                            "availability_zone": "ap-southeast-2a",
                            "availability_zone_id": "apse2-az3",
                            "cidr_block": "172.21.10.0/24",
                            "id": "subnet-0fb6addfd7a79442c",
                            "ipv6_cidr_block": "",
                            "ipv6_cidr_block_association_id": "",
                            "map_public_ip_on_launch": "true",
                            "owner_id": "224625702287",
                            "tags.%": "1",
                            "tags.Name": "demo-public-1",
                            "vpc_id": "vpc-0ad0ada8cec49e83f"
                        },
                        "meta": {
                            "e2bfb730-ecaa-11e6-8f88-34363bc7c4c0": {
                                "create": 600000000000,
                                "delete": 1200000000000
                            },
                            "schema_version": "1"
                        },
                        "tainted": false
                    },
                    "deposed": [],
                    "provider": "provider.aws"
                },
                "aws_subnet.demo-public-2": {
                    "type": "aws_subnet",
                    "depends_on": [
                        "aws_vpc.demo-tf"
                    ],
                    "primary": {
                        "id": "subnet-0d3e6593f96422dec",
                        "attributes": {
                            "arn": "arn:aws:ec2:ap-southeast-2:224625702287:subnet/subnet-0d3e6593f96422dec",
                            "assign_ipv6_address_on_creation": "false",
                            "availability_zone": "ap-southeast-2b",
                            "availability_zone_id": "apse2-az1",
                            "cidr_block": "172.21.20.0/24",
                            "id": "subnet-0d3e6593f96422dec",
                            "ipv6_cidr_block": "",
                            "ipv6_cidr_block_association_id": "",
                            "map_public_ip_on_launch": "true",
                            "owner_id": "224625702287",
                            "tags.%": "1",
                            "tags.Name": "demo-public-2",
                            "vpc_id": "vpc-0ad0ada8cec49e83f"
                        },
                        "meta": {
                            "e2bfb730-ecaa-11e6-8f88-34363bc7c4c0": {
                                "create": 600000000000,
                                "delete": 1200000000000
                            },
                            "schema_version": "1"
                        },
                        "tainted": false
                    },
                    "deposed": [],
                    "provider": "provider.aws"
                },
                "aws_subnet.demo-public-3": {
                    "type": "aws_subnet",
                    "depends_on": [
                        "aws_vpc.demo-tf"
                    ],
                    "primary": {
                        "id": "subnet-07c0ecbfa61c465ba",
                        "attributes": {
                            "arn": "arn:aws:ec2:ap-southeast-2:224625702287:subnet/subnet-07c0ecbfa61c465ba",
                            "assign_ipv6_address_on_creation": "false",
                            "availability_zone": "ap-southeast-2c",
                            "availability_zone_id": "apse2-az2",
                            "cidr_block": "172.21.30.0/24",
                            "id": "subnet-07c0ecbfa61c465ba",
                            "ipv6_cidr_block": "",
                            "ipv6_cidr_block_association_id": "",
                            "map_public_ip_on_launch": "true",
                            "owner_id": "224625702287",
                            "tags.%": "1",
                            "tags.Name": "demo-public-3",
                            "vpc_id": "vpc-0ad0ada8cec49e83f"
                        },
                        "meta": {
                            "e2bfb730-ecaa-11e6-8f88-34363bc7c4c0": {
                                "create": 600000000000,
                                "delete": 1200000000000
                            },
                            "schema_version": "1"
                        },
                        "tainted": false
                    },
                    "deposed": [],
                    "provider": "provider.aws"
                },
                "aws_vpc.demo-tf": {
                    "type": "aws_vpc",
                    "depends_on": [],
                    "primary": {
                        "id": "vpc-0ad0ada8cec49e83f",
                        "attributes": {
                            "arn": "arn:aws:ec2:ap-southeast-2:224625702287:vpc/vpc-0ad0ada8cec49e83f",
                            "assign_generated_ipv6_cidr_block": "false",
                            "cidr_block": "172.21.0.0/16",
                            "default_network_acl_id": "acl-0744cd6d80ce473c7",
                            "default_route_table_id": "rtb-08f620c7a30ae0692",
                            "default_security_group_id": "sg-0fe89cefed261f08d",
                            "dhcp_options_id": "dopt-7a37731f",
                            "enable_classiclink": "false",
                            "enable_classiclink_dns_support": "false",
                            "enable_dns_hostnames": "true",
                            "enable_dns_support": "true",
                            "id": "vpc-0ad0ada8cec49e83f",
                            "instance_tenancy": "default",
                            "ipv6_association_id": "",
                            "ipv6_cidr_block": "",
                            "main_route_table_id": "rtb-08f620c7a30ae0692",
                            "owner_id": "224625702287",
                            "tags.%": "1",
                            "tags.Name": "demo-terraform"
                        },
                        "meta": {
                            "schema_version": "1"
                        },
                        "tainted": false
                    },
                    "deposed": [],
                    "provider": "provider.aws"
                },
                "data.aws_ami.latest_ecs": {
                    "type": "aws_ami",
                    "depends_on": [],
                    "primary": {
                        "id": "ami-00bf6a5319a7d03d4",
                        "attributes": {
                            "architecture": "x86_64",
                            "block_device_mappings.#": "2",
                            "block_device_mappings.2538004115.device_name": "/dev/xvdcz",
                            "block_device_mappings.2538004115.ebs.%": "6",
                            "block_device_mappings.2538004115.ebs.delete_on_termination": "true",
                            "block_device_mappings.2538004115.ebs.encrypted": "false",
                            "block_device_mappings.2538004115.ebs.iops": "0",
                            "block_device_mappings.2538004115.ebs.snapshot_id": "",
                            "block_device_mappings.2538004115.ebs.volume_size": "22",
                            "block_device_mappings.2538004115.ebs.volume_type": "gp2",
                            "block_device_mappings.2538004115.no_device": "",
                            "block_device_mappings.2538004115.virtual_name": "",
                            "block_device_mappings.340275815.device_name": "/dev/xvda",
                            "block_device_mappings.340275815.ebs.%": "6",
                            "block_device_mappings.340275815.ebs.delete_on_termination": "true",
                            "block_device_mappings.340275815.ebs.encrypted": "false",
                            "block_device_mappings.340275815.ebs.iops": "0",
                            "block_device_mappings.340275815.ebs.snapshot_id": "snap-065d2a69b6c958eea",
                            "block_device_mappings.340275815.ebs.volume_size": "8",
                            "block_device_mappings.340275815.ebs.volume_type": "gp2",
                            "block_device_mappings.340275815.no_device": "",
                            "block_device_mappings.340275815.virtual_name": "",
                            "creation_date": "2019-11-12T17:29:01.000Z",
                            "description": "Amazon Linux AMI 2018.03.20191114 x86_64 ECS HVM GP2",
                            "filter.#": "2",
                            "filter.1206429088.name": "name",
                            "filter.1206429088.values.#": "1",
                            "filter.1206429088.values.0": "*amazon-ecs-optimized",
                            "filter.490168357.name": "virtualization-type",
                            "filter.490168357.values.#": "1",
                            "filter.490168357.values.0": "hvm",
                            "hypervisor": "xen",
                            "id": "ami-00bf6a5319a7d03d4",
                            "image_id": "ami-00bf6a5319a7d03d4",
                            "image_location": "amazon/amzn-ami-2018.03.20191114-amazon-ecs-optimized",
                            "image_owner_alias": "amazon",
                            "image_type": "machine",
                            "most_recent": "true",
                            "name": "amzn-ami-2018.03.20191114-amazon-ecs-optimized",
                            "owner_id": "591542846629",
                            "owners.#": "1",
                            "owners.0": "591542846629",
                            "product_codes.#": "0",
                            "public": "true",
                            "root_device_name": "/dev/xvda",
                            "root_device_type": "ebs",
                            "root_snapshot_id": "snap-065d2a69b6c958eea",
                            "sriov_net_support": "simple",
                            "state": "available",
                            "state_reason.%": "2",
                            "state_reason.code": "UNSET",
                            "state_reason.message": "UNSET",
                            "tags.%": "0",
                            "virtualization_type": "hvm"
                        },
                        "meta": {},
                        "tainted": false
                    },
                    "deposed": [],
                    "provider": "provider.aws"
                },
                "data.template_file.ecs-cluster": {
                    "type": "template_file",
                    "depends_on": [
                        "aws_ecs_cluster.demo"
                    ],
                    "primary": {
                        "id": "9b039ef6f39253cdfd0f29fb7f767c16250ad3a537745191c2024dcb393d87f5",
                        "attributes": {
                            "id": "9b039ef6f39253cdfd0f29fb7f767c16250ad3a537745191c2024dcb393d87f5",
                            "rendered": "#!/bin/bash\necho ECS_CLUSTER=demo \u003e\u003e /etc/ecs/ecs.config",
                            "template": "#!/bin/bash\necho ECS_CLUSTER=${ecs_cluster} \u003e\u003e /etc/ecs/ecs.config",
                            "vars.%": "1",
                            "vars.ecs_cluster": "demo"
                        },
                        "meta": {},
                        "tainted": false
                    },
                    "deposed": [],
                    "provider": "provider.template"
                }
            },
            "depends_on": []
        }
    ]
}
