{
    "version": 3,
    "terraform_version": "0.11.11",
    "serial": 18,
    "lineage": "8b5b4487-2e8d-71ea-e9a7-f6d0c72ec38b",
    "modules": [
        {
            "path": [
                "root"
            ],
            "outputs": {
                "url": {
                    "sensitive": false,
                    "type": "string",
                    "value": "https://a4vsleqvu2.execute-api.ap-southeast-2.amazonaws.com/mzfc-test/test"
                }
            },
            "resources": {
                "aws_api_gateway_account.mzfc": {
                    "type": "aws_api_gateway_account",
                    "depends_on": [
                        "aws_iam_role.cloudwatch"
                    ],
                    "primary": {
                        "id": "api-gateway-account",
                        "attributes": {
                            "cloudwatch_role_arn": "arn:aws:iam::224625702287:role/api_gateway_cloudwatch_global",
                            "id": "api-gateway-account",
                            "throttle_settings.#": "1",
                            "throttle_settings.0.burst_limit": "5000",
                            "throttle_settings.0.rate_limit": "10000"
                        },
                        "meta": {},
                        "tainted": false
                    },
                    "deposed": [],
                    "provider": "provider.aws"
                },
                "aws_api_gateway_deployment.codingtips-api-gateway-deployment": {
                    "type": "aws_api_gateway_deployment",
                    "depends_on": [
                        "aws_api_gateway_rest_api.codingtips-api-gateway"
                    ],
                    "primary": {
                        "id": "mabckf",
                        "attributes": {
                            "created_date": "2019-12-15T06:35:44Z",
                            "description": "",
                            "execution_arn": "arn:aws:execute-api:ap-southeast-2:224625702287:a4vsleqvu2/mzfc-test",
                            "id": "mabckf",
                            "invoke_url": "https://a4vsleqvu2.execute-api.ap-southeast-2.amazonaws.com/mzfc-test",
                            "rest_api_id": "a4vsleqvu2",
                            "stage_name": "mzfc-test"
                        },
                        "meta": {},
                        "tainted": false
                    },
                    "deposed": [],
                    "provider": "provider.aws"
                },
                "aws_api_gateway_method_settings.codingtips-api-gateway-settings": {
                    "type": "aws_api_gateway_method_settings",
                    "depends_on": [
                        "aws_api_gateway_deployment.codingtips-api-gateway-deployment",
                        "aws_api_gateway_rest_api.codingtips-api-gateway"
                    ],
                    "primary": {
                        "id": "a4vsleqvu2-mzfc-test-*/*",
                        "attributes": {
                            "id": "a4vsleqvu2-mzfc-test-*/*",
                            "method_path": "*/*",
                            "rest_api_id": "a4vsleqvu2",
                            "settings.#": "1",
                            "settings.0.cache_data_encrypted": "false",
                            "settings.0.cache_ttl_in_seconds": "0",
                            "settings.0.caching_enabled": "false",
                            "settings.0.data_trace_enabled": "true",
                            "settings.0.logging_level": "INFO",
                            "settings.0.metrics_enabled": "true",
                            "settings.0.require_authorization_for_cache_control": "false",
                            "settings.0.throttling_burst_limit": "50",
                            "settings.0.throttling_rate_limit": "100",
                            "settings.0.unauthorized_cache_control_header_strategy": "",
                            "stage_name": "mzfc-test"
                        },
                        "meta": {},
                        "tainted": false
                    },
                    "deposed": [],
                    "provider": "provider.aws"
                },
                "aws_api_gateway_rest_api.codingtips-api-gateway": {
                    "type": "aws_api_gateway_rest_api",
                    "depends_on": [
                        "data.template_file.codingtips_api_swagger"
                    ],
                    "primary": {
                        "id": "a4vsleqvu2",
                        "attributes": {
                            "api_key_source": "HEADER",
                            "arn": "arn:aws:apigateway:ap-southeast-2::/restapis/a4vsleqvu2",
                            "binary_media_types.#": "0",
                            "body": "swagger: '2.0'\ninfo:\n  version: '1.0'\n  title: \"CodingTips\"\nschemes:\n  - https\npaths:\n  \"/test\":\n    get:\n      description: \"Get coding tips\"\n      produces:\n        - application/json\n      responses:\n        200:\n          description: \"The codingtips request successful.\"\n          schema:\n            type: array\n            items:\n              $ref: \"#/definitions/CodingTip\"\n      x-amazon-apigateway-integration:\n        uri: arn:aws:apigateway:ap-southeast-2:lambda:path/2015-03-31/functions/arn:aws:lambda:ap-southeast-2:224625702287:function:codingTips-get/invocations\n        passthroughBehavior: \"when_no_match\"\n        httpMethod: \"POST\"\n        type: \"aws_proxy\"\n    post:\n      description: \"post a coding tip\"\n      consumes:\n        - application/json\n      responses:\n        200:\n          description: \"The codingtip was added successfully\"\n      x-amazon-apigateway-integration:\n        uri: arn:aws:apigateway:ap-southeast-2:lambda:path/2015-03-31/functions/arn:aws:lambda:ap-southeast-2:224625702287:function:codeTips-post/invocations\n        passthroughBehavior: \"when_no_match\"\n        httpMethod: \"POST\"\n        type: \"aws_proxy\"\n\ndefinitions:\n  CodingTip:\n    type: object\n    description: \"A coding tip\"\n    properties:\n      tip:\n        type: string\n        description: \"The coding tip\"\n      date:\n        type: number\n        description: \"date in millis when tip was entered\"\n      author:\n        type: string\n        description: \"Author of the coding tip\"\n      category:\n        type: string\n        description: \"category of the coding tip\"\n    required:\n      - tip\n",
                            "created_date": "2019-12-15T06:35:44Z",
                            "description": "API to access codingtips application",
                            "endpoint_configuration.#": "1",
                            "endpoint_configuration.0.types.#": "1",
                            "endpoint_configuration.0.types.0": "EDGE",
                            "execution_arn": "arn:aws:execute-api:ap-southeast-2:224625702287:a4vsleqvu2",
                            "id": "a4vsleqvu2",
                            "minimum_compression_size": "-1",
                            "name": "CodingTipsAPI",
                            "policy": "",
                            "root_resource_id": "w7slcebzoc",
                            "tags.%": "0"
                        },
                        "meta": {},
                        "tainted": false
                    },
                    "deposed": [],
                    "provider": "provider.aws"
                },
                "aws_dynamodb_table.codingtips-dynamodb-table": {
                    "type": "aws_dynamodb_table",
                    "depends_on": [],
                    "primary": {
                        "id": "CodingTips",
                        "attributes": {
                            "arn": "arn:aws:dynamodb:ap-southeast-2:224625702287:table/CodingTips",
                            "attribute.#": "2",
                            "attribute.3445780286.name": "Author",
                            "attribute.3445780286.type": "S",
                            "attribute.3865484009.name": "Date",
                            "attribute.3865484009.type": "N",
                            "billing_mode": "PROVISIONED",
                            "global_secondary_index.#": "0",
                            "hash_key": "Author",
                            "id": "CodingTips",
                            "local_secondary_index.#": "0",
                            "name": "CodingTips",
                            "point_in_time_recovery.#": "1",
                            "point_in_time_recovery.0.enabled": "false",
                            "range_key": "Date",
                            "read_capacity": "5",
                            "server_side_encryption.#": "0",
                            "stream_arn": "",
                            "stream_enabled": "false",
                            "stream_label": "",
                            "stream_view_type": "",
                            "tags.%": "0",
                            "ttl.#": "1",
                            "ttl.0.attribute_name": "",
                            "ttl.0.enabled": "false",
                            "write_capacity": "5"
                        },
                        "meta": {
                            "e2bfb730-ecaa-11e6-8f88-34363bc7c4c0": {
                                "create": 600000000000,
                                "delete": 600000000000,
                                "update": 3600000000000
                            },
                            "schema_version": "1"
                        },
                        "tainted": false
                    },
                    "deposed": [],
                    "provider": "provider.aws"
                },
                "aws_iam_role.cloudwatch": {
                    "type": "aws_iam_role",
                    "depends_on": [],
                    "primary": {
                        "id": "api_gateway_cloudwatch_global",
                        "attributes": {
                            "arn": "arn:aws:iam::224625702287:role/api_gateway_cloudwatch_global",
                            "assume_role_policy": "{\"Version\":\"2012-10-17\",\"Statement\":[{\"Sid\":\"\",\"Effect\":\"Allow\",\"Principal\":{\"Service\":\"apigateway.amazonaws.com\"},\"Action\":\"sts:AssumeRole\"}]}",
                            "create_date": "2019-12-15T06:35:15Z",
                            "description": "",
                            "force_detach_policies": "false",
                            "id": "api_gateway_cloudwatch_global",
                            "max_session_duration": "3600",
                            "name": "api_gateway_cloudwatch_global",
                            "path": "/",
                            "tags.%": "0",
                            "unique_id": "AROATITF4GWH3GOE2HX3P"
                        },
                        "meta": {},
                        "tainted": false
                    },
                    "deposed": [],
                    "provider": "provider.aws"
                },
                "aws_iam_role.lambda-iam-role": {
                    "type": "aws_iam_role",
                    "depends_on": [],
                    "primary": {
                        "id": "codingtips_lambda_role",
                        "attributes": {
                            "arn": "arn:aws:iam::224625702287:role/codingtips_lambda_role",
                            "assume_role_policy": "{\"Version\":\"2012-10-17\",\"Statement\":[{\"Sid\":\"\",\"Effect\":\"Allow\",\"Principal\":{\"Service\":\"lambda.amazonaws.com\"},\"Action\":\"sts:AssumeRole\"}]}",
                            "create_date": "2019-12-15T06:35:15Z",
                            "description": "",
                            "force_detach_policies": "false",
                            "id": "codingtips_lambda_role",
                            "max_session_duration": "3600",
                            "name": "codingtips_lambda_role",
                            "path": "/",
                            "tags.%": "0",
                            "unique_id": "AROATITF4GWHQ5WIXOZLL"
                        },
                        "meta": {},
                        "tainted": false
                    },
                    "deposed": [],
                    "provider": "provider.aws"
                },
                "aws_iam_role_policy.cloudwatch": {
                    "type": "aws_iam_role_policy",
                    "depends_on": [
                        "aws_iam_role.cloudwatch"
                    ],
                    "primary": {
                        "id": "api_gateway_cloudwatch_global:default",
                        "attributes": {
                            "id": "api_gateway_cloudwatch_global:default",
                            "name": "default",
                            "policy": "{\n    \"Version\": \"2012-10-17\",\n    \"Statement\": [\n        {\n            \"Effect\": \"Allow\",\n            \"Action\": [\n                \"logs:CreateLogGroup\",\n                \"logs:CreateLogStream\",\n                \"logs:DescribeLogGroups\",\n                \"logs:DescribeLogStreams\",\n                \"logs:PutLogEvents\",\n                \"logs:GetLogEvents\",\n                \"logs:FilterLogEvents\"\n            ],\n            \"Resource\": \"*\"\n        }\n    ]\n}\n",
                            "role": "api_gateway_cloudwatch_global"
                        },
                        "meta": {},
                        "tainted": false
                    },
                    "deposed": [],
                    "provider": "provider.aws"
                },
                "aws_iam_role_policy.cloudwatch-lambda-policy": {
                    "type": "aws_iam_role_policy",
                    "depends_on": [
                        "aws_iam_role.lambda-iam-role",
                        "data.aws_iam_policy_document.api-gateway-logs-policy-document"
                    ],
                    "primary": {
                        "id": "codingtips_lambda_role:cloudwatch-lambda-policy",
                        "attributes": {
                            "id": "codingtips_lambda_role:cloudwatch-lambda-policy",
                            "name": "cloudwatch-lambda-policy",
                            "policy": "{\n  \"Version\": \"2012-10-17\",\n  \"Statement\": [\n    {\n      \"Sid\": \"\",\n      \"Effect\": \"Allow\",\n      \"Action\": [\n        \"logs:PutLogEvents\",\n        \"logs:CreateLogStream\",\n        \"logs:CreateLogGroup\"\n      ],\n      \"Resource\": \"arn:aws:logs:*:*:*\"\n    }\n  ]\n}",
                            "role": "codingtips_lambda_role"
                        },
                        "meta": {},
                        "tainted": false
                    },
                    "deposed": [],
                    "provider": "provider.aws"
                },
                "aws_iam_role_policy.dynamodb-lambda-policy": {
                    "type": "aws_iam_role_policy",
                    "depends_on": [
                        "aws_dynamodb_table.codingtips-dynamodb-table",
                        "aws_iam_role.lambda-iam-role"
                    ],
                    "primary": {
                        "id": "codingtips_lambda_role:dynamodb_lambda_policy",
                        "attributes": {
                            "id": "codingtips_lambda_role:dynamodb_lambda_policy",
                            "name": "dynamodb_lambda_policy",
                            "policy": "{\n  \"Version\": \"2012-10-17\",\n  \"Statement\": [\n    {\n      \"Effect\": \"Allow\",\n      \"Action\": [\n        \"dynamodb:*\"\n      ],\n      \"Resource\": \"arn:aws:dynamodb:ap-southeast-2:224625702287:table/CodingTips\"\n    }\n  ]\n}\n",
                            "role": "codingtips_lambda_role"
                        },
                        "meta": {},
                        "tainted": false
                    },
                    "deposed": [],
                    "provider": "provider.aws"
                },
                "aws_lambda_function.get-tips-lambda": {
                    "type": "aws_lambda_function",
                    "depends_on": [
                        "aws_iam_role.lambda-iam-role"
                    ],
                    "primary": {
                        "id": "codingTips-get",
                        "attributes": {
                            "arn": "arn:aws:lambda:ap-southeast-2:224625702287:function:codingTips-get",
                            "dead_letter_config.#": "0",
                            "description": "",
                            "environment.#": "0",
                            "filename": "../getLambda.zip",
                            "function_name": "codingTips-get",
                            "handler": "index.handler",
                            "id": "codingTips-get",
                            "invoke_arn": "arn:aws:apigateway:ap-southeast-2:lambda:path/2015-03-31/functions/arn:aws:lambda:ap-southeast-2:224625702287:function:codingTips-get/invocations",
                            "kms_key_arn": "",
                            "last_modified": "2019-12-15T06:44:26.320+0000",
                            "layers.#": "0",
                            "memory_size": "128",
                            "publish": "false",
                            "qualified_arn": "arn:aws:lambda:ap-southeast-2:224625702287:function:codingTips-get:$LATEST",
                            "reserved_concurrent_executions": "-1",
                            "role": "arn:aws:iam::224625702287:role/codingtips_lambda_role",
                            "runtime": "nodejs8.10",
                            "source_code_hash": "XzQPtpaEzZ/gdNte7LB4KnFNd/jy9JbnMuVtgK1sUvw=",
                            "source_code_size": "626",
                            "tags.%": "0",
                            "timeout": "3",
                            "tracing_config.#": "1",
                            "tracing_config.0.mode": "PassThrough",
                            "version": "$LATEST",
                            "vpc_config.#": "0"
                        },
                        "meta": {
                            "e2bfb730-ecaa-11e6-8f88-34363bc7c4c0": {
                                "create": 600000000000
                            }
                        },
                        "tainted": false
                    },
                    "deposed": [],
                    "provider": "provider.aws"
                },
                "aws_lambda_function.post-tips-lambda": {
                    "type": "aws_lambda_function",
                    "depends_on": [
                        "aws_iam_role.lambda-iam-role"
                    ],
                    "primary": {
                        "id": "codeTips-post",
                        "attributes": {
                            "arn": "arn:aws:lambda:ap-southeast-2:224625702287:function:codeTips-post",
                            "dead_letter_config.#": "0",
                            "description": "",
                            "environment.#": "0",
                            "filename": "../postLambda.zip",
                            "function_name": "codeTips-post",
                            "handler": "index.handler",
                            "id": "codeTips-post",
                            "invoke_arn": "arn:aws:apigateway:ap-southeast-2:lambda:path/2015-03-31/functions/arn:aws:lambda:ap-southeast-2:224625702287:function:codeTips-post/invocations",
                            "kms_key_arn": "",
                            "last_modified": "2019-12-15T06:44:26.614+0000",
                            "layers.#": "0",
                            "memory_size": "128",
                            "publish": "false",
                            "qualified_arn": "arn:aws:lambda:ap-southeast-2:224625702287:function:codeTips-post:$LATEST",
                            "reserved_concurrent_executions": "-1",
                            "role": "arn:aws:iam::224625702287:role/codingtips_lambda_role",
                            "runtime": "nodejs8.10",
                            "source_code_hash": "UnHYb07Y6xdLh+vRZunmRVoOyoVOHBXUErHs83s8ZQ8=",
                            "source_code_size": "662",
                            "tags.%": "0",
                            "timeout": "3",
                            "tracing_config.#": "1",
                            "tracing_config.0.mode": "PassThrough",
                            "version": "$LATEST",
                            "vpc_config.#": "0"
                        },
                        "meta": {
                            "e2bfb730-ecaa-11e6-8f88-34363bc7c4c0": {
                                "create": 600000000000
                            }
                        },
                        "tainted": false
                    },
                    "deposed": [],
                    "provider": "provider.aws"
                },
                "aws_lambda_permission.api-gate-invoket-get-lambda": {
                    "type": "aws_lambda_permission",
                    "depends_on": [
                        "aws_api_gateway_deployment.codingtips-api-gateway-deployment",
                        "aws_lambda_function.get-tips-lambda"
                    ],
                    "primary": {
                        "id": "AllowAPIGatewayInvoke",
                        "attributes": {
                            "action": "lambda:InvokeFunction",
                            "function_name": "arn:aws:lambda:ap-southeast-2:224625702287:function:codingTips-get",
                            "id": "AllowAPIGatewayInvoke",
                            "principal": "apigateway.amazonaws.com",
                            "qualifier": "",
                            "source_arn": "arn:aws:execute-api:ap-southeast-2:224625702287:a4vsleqvu2/mzfc-test/*/*",
                            "statement_id": "AllowAPIGatewayInvoke"
                        },
                        "meta": {},
                        "tainted": false
                    },
                    "deposed": [],
                    "provider": "provider.aws"
                },
                "aws_lambda_permission.api-gateway-invoke-post-lambda": {
                    "type": "aws_lambda_permission",
                    "depends_on": [
                        "aws_api_gateway_deployment.codingtips-api-gateway-deployment",
                        "aws_lambda_function.post-tips-lambda"
                    ],
                    "primary": {
                        "id": "AllowAPIGatewayInvoke",
                        "attributes": {
                            "action": "lambda:InvokeFunction",
                            "function_name": "arn:aws:lambda:ap-southeast-2:224625702287:function:codeTips-post",
                            "id": "AllowAPIGatewayInvoke",
                            "principal": "apigateway.amazonaws.com",
                            "qualifier": "",
                            "source_arn": "arn:aws:execute-api:ap-southeast-2:224625702287:a4vsleqvu2/mzfc-test/*/*",
                            "statement_id": "AllowAPIGatewayInvoke"
                        },
                        "meta": {},
                        "tainted": false
                    },
                    "deposed": [],
                    "provider": "provider.aws"
                },
                "data.aws_iam_policy_document.api-gateway-logs-policy-document": {
                    "type": "aws_iam_policy_document",
                    "depends_on": [],
                    "primary": {
                        "id": "4063422367",
                        "attributes": {
                            "id": "4063422367",
                            "json": "{\n  \"Version\": \"2012-10-17\",\n  \"Statement\": [\n    {\n      \"Sid\": \"\",\n      \"Effect\": \"Allow\",\n      \"Action\": [\n        \"logs:PutLogEvents\",\n        \"logs:CreateLogStream\",\n        \"logs:CreateLogGroup\"\n      ],\n      \"Resource\": \"arn:aws:logs:*:*:*\"\n    }\n  ]\n}",
                            "statement.#": "1",
                            "statement.0.actions.#": "3",
                            "statement.0.actions.2809485102": "logs:CreateLogGroup",
                            "statement.0.actions.3285979848": "logs:CreateLogStream",
                            "statement.0.actions.39743051": "logs:PutLogEvents",
                            "statement.0.condition.#": "0",
                            "statement.0.effect": "Allow",
                            "statement.0.not_actions.#": "0",
                            "statement.0.not_principals.#": "0",
                            "statement.0.not_resources.#": "0",
                            "statement.0.principals.#": "0",
                            "statement.0.resources.#": "1",
                            "statement.0.resources.162423377": "arn:aws:logs:*:*:*",
                            "statement.0.sid": "",
                            "version": "2012-10-17"
                        },
                        "meta": {},
                        "tainted": false
                    },
                    "deposed": [],
                    "provider": "provider.aws"
                },
                "data.template_file.codingtips_api_swagger": {
                    "type": "template_file",
                    "depends_on": [
                        "aws_lambda_function.get-tips-lambda",
                        "aws_lambda_function.post-tips-lambda"
                    ],
                    "primary": {
                        "id": "2f2aea2662ad097271036d093d5986f15032954d7ad813c5b8c9e2630d01a76b",
                        "attributes": {
                            "id": "2f2aea2662ad097271036d093d5986f15032954d7ad813c5b8c9e2630d01a76b",
                            "rendered": "swagger: '2.0'\ninfo:\n  version: '1.0'\n  title: \"CodingTips\"\nschemes:\n  - https\npaths:\n  \"/test\":\n    get:\n      description: \"Get coding tips\"\n      produces:\n        - application/json\n      responses:\n        200:\n          description: \"The codingtips request successful.\"\n          schema:\n            type: array\n            items:\n              $ref: \"#/definitions/CodingTip\"\n      x-amazon-apigateway-integration:\n        uri: arn:aws:apigateway:ap-southeast-2:lambda:path/2015-03-31/functions/arn:aws:lambda:ap-southeast-2:224625702287:function:codingTips-get/invocations\n        passthroughBehavior: \"when_no_match\"\n        httpMethod: \"POST\"\n        type: \"aws_proxy\"\n    post:\n      description: \"post a coding tip\"\n      consumes:\n        - application/json\n      responses:\n        200:\n          description: \"The codingtip was added successfully\"\n      x-amazon-apigateway-integration:\n        uri: arn:aws:apigateway:ap-southeast-2:lambda:path/2015-03-31/functions/arn:aws:lambda:ap-southeast-2:224625702287:function:codeTips-post/invocations\n        passthroughBehavior: \"when_no_match\"\n        httpMethod: \"POST\"\n        type: \"aws_proxy\"\n\ndefinitions:\n  CodingTip:\n    type: object\n    description: \"A coding tip\"\n    properties:\n      tip:\n        type: string\n        description: \"The coding tip\"\n      date:\n        type: number\n        description: \"date in millis when tip was entered\"\n      author:\n        type: string\n        description: \"Author of the coding tip\"\n      category:\n        type: string\n        description: \"category of the coding tip\"\n    required:\n      - tip\n",
                            "template": "swagger: '2.0'\ninfo:\n  version: '1.0'\n  title: \"CodingTips\"\nschemes:\n  - https\npaths:\n  \"/test\":\n    get:\n      description: \"Get coding tips\"\n      produces:\n        - application/json\n      responses:\n        200:\n          description: \"The codingtips request successful.\"\n          schema:\n            type: array\n            items:\n              $ref: \"#/definitions/CodingTip\"\n      x-amazon-apigateway-integration:\n        uri: ${get_lambda_arn}\n        passthroughBehavior: \"when_no_match\"\n        httpMethod: \"POST\"\n        type: \"aws_proxy\"\n    post:\n      description: \"post a coding tip\"\n      consumes:\n        - application/json\n      responses:\n        200:\n          description: \"The codingtip was added successfully\"\n      x-amazon-apigateway-integration:\n        uri: ${post_lambda_arn}\n        passthroughBehavior: \"when_no_match\"\n        httpMethod: \"POST\"\n        type: \"aws_proxy\"\n\ndefinitions:\n  CodingTip:\n    type: object\n    description: \"A coding tip\"\n    properties:\n      tip:\n        type: string\n        description: \"The coding tip\"\n      date:\n        type: number\n        description: \"date in millis when tip was entered\"\n      author:\n        type: string\n        description: \"Author of the coding tip\"\n      category:\n        type: string\n        description: \"category of the coding tip\"\n    required:\n      - tip\n",
                            "vars.%": "2",
                            "vars.get_lambda_arn": "arn:aws:apigateway:ap-southeast-2:lambda:path/2015-03-31/functions/arn:aws:lambda:ap-southeast-2:224625702287:function:codingTips-get/invocations",
                            "vars.post_lambda_arn": "arn:aws:apigateway:ap-southeast-2:lambda:path/2015-03-31/functions/arn:aws:lambda:ap-southeast-2:224625702287:function:codeTips-post/invocations"
                        },
                        "meta": {},
                        "tainted": false
                    },
                    "deposed": [],
                    "provider": "provider.template"
                }
            },
            "depends_on": []
        }
    ]
}
